
Microsoft Visual Studio Solution File, Format Version 12.00
# Visual Studio Version 16
VisualStudioVersion = 16.0.31624.102
MinimumVisualStudioVersion = 10.0.40219.1
Project("{FAE04EC0-301F-11D3-BF4B-00C04F79EFBC}") = "E-Menu-PC-Server", "E-Menu-PC-Server\E-Menu-PC-Server.csproj", "{1D6E85AA-9C08-4A17-894E-804EE91F08AA}"
EndProject
Global
	GlobalSection(SolutionConfigurationPlatforms) = preSolution
		Debug|Any CPU = Debug|Any CPU
		Release|Any CPU = Release|Any CPU
	EndGlobalSection
	GlobalSection(ProjectConfigurationPlatforms) = postSolution
		{1D6E85AA-9C08-4A17-894E-804EE91F08AA}.Debug|Any CPU.ActiveCfg = Debug|Any CPU
		{1D6E85AA-9C08-4A17-894E-804EE91F08AA}.Debug|Any CPU.Build.0 = Debug|Any CPU
		{1D6E85AA-9C08-4A17-894E-804EE91F08AA}.Release|Any CPU.ActiveCfg = Release|Any CPU
		{1D6E85AA-9C08-4A17-894E-804EE91F08AA}.Release|Any CPU.Build.0 = Release|Any CPU
	EndGlobalSection
	GlobalSection(SolutionProperties) = preSolution
		HideSolutionNode = FALSE
	EndGlobalSection
	GlobalSection(ExtensibilityGlobals) = postSolution
		SolutionGuid = {1D3B8FE9-E67B-4258-A03F-E0DCCEA407DE}
	EndGlobalSection
EndGlobal
